# ✅ File: `version.lock`  
@location: `/cursor/accelerators/zombie-hunter/version.lock`  
@purpose: Pins last passing Git SHA for `system-readiness.ts` validation and CI enforcement  
@drop-type: Direct plaintext — no Markdown formatting inside the file

```
08c791cd0b267c962d6e594e8e1bcef71cd30d40
```
